
Microsoft Visual Studio Solution File, Format Version 12.00
# Visual Studio Version 17
VisualStudioVersion = 17.7.34003.232
MinimumVisualStudioVersion = 10.0.40219.1
Project("{FAE04EC0-301F-11D3-BF4B-00C04F79EFBC}") = "Platypus.HelperLibrary", "Platypus.HelperLibrary\Platypus.HelperLibrary.csproj", "{ECE56B2B-BFB5-4A52-8677-2879F85DEFC7}"
EndProject
Global
	GlobalSection(SolutionConfigurationPlatforms) = preSolution
		Debug|Any CPU = Debug|Any CPU
		Release|Any CPU = Release|Any CPU
	EndGlobalSection
	GlobalSection(ProjectConfigurationPlatforms) = postSolution
		{ECE56B2B-BFB5-4A52-8677-2879F85DEFC7}.Debug|Any CPU.ActiveCfg = Debug|Any CPU
		{ECE56B2B-BFB5-4A52-8677-2879F85DEFC7}.Debug|Any CPU.Build.0 = Debug|Any CPU
		{ECE56B2B-BFB5-4A52-8677-2879F85DEFC7}.Release|Any CPU.ActiveCfg = Release|Any CPU
		{ECE56B2B-BFB5-4A52-8677-2879F85DEFC7}.Release|Any CPU.Build.0 = Release|Any CPU
	EndGlobalSection
	GlobalSection(SolutionProperties) = preSolution
		HideSolutionNode = FALSE
	EndGlobalSection
	GlobalSection(ExtensibilityGlobals) = postSolution
		SolutionGuid = {D89A0A57-36E8-4685-BBCE-39B4C5C9C381}
	EndGlobalSection
EndGlobal
